
Microsoft Visual Studio Solution File, Format Version 12.00
# Visual Studio Version 17
VisualStudioVersion = 17.5.33424.131
MinimumVisualStudioVersion = 10.0.40219.1
Project("{FAE04EC0-301F-11D3-BF4B-00C04F79EFBC}") = "Cmd.net", "Cmd.net\Cmd.net.csproj", "{11F2FCC2-0E7E-4C23-A465-7528408692AF}"
EndProject
Global
	GlobalSection(SolutionConfigurationPlatforms) = preSolution
		Debug|Any CPU = Debug|Any CPU
		Release|Any CPU = Release|Any CPU
	EndGlobalSection
	GlobalSection(ProjectConfigurationPlatforms) = postSolution
		{11F2FCC2-0E7E-4C23-A465-7528408692AF}.Debug|Any CPU.ActiveCfg = Debug|Any CPU
		{11F2FCC2-0E7E-4C23-A465-7528408692AF}.Debug|Any CPU.Build.0 = Debug|Any CPU
		{11F2FCC2-0E7E-4C23-A465-7528408692AF}.Release|Any CPU.ActiveCfg = Release|Any CPU
		{11F2FCC2-0E7E-4C23-A465-7528408692AF}.Release|Any CPU.Build.0 = Release|Any CPU
	EndGlobalSection
	GlobalSection(SolutionProperties) = preSolution
		HideSolutionNode = FALSE
	EndGlobalSection
	GlobalSection(ExtensibilityGlobals) = postSolution
		SolutionGuid = {D3C9D639-9750-4A64-8DF2-E48755D52703}
	EndGlobalSection
EndGlobal
